{
  "version": "3",
  "packages": {
    "specifiers": {
      "jsr:@core/asyncutil@^1.2.0": "jsr:@core/asyncutil@1.2.0",
      "jsr:@core/unknownutil@^4.3.0": "jsr:@core/unknownutil@4.3.0",
      "jsr:@denops/core@^8.0.1": "jsr:@denops/core@8.0.1",
      "jsr:@denops/std@^8.2.0": "jsr:@denops/std@8.2.0",
      "jsr:@lambdalisue/itertools@^1.1.2": "jsr:@lambdalisue/itertools@1.1.2",
      "jsr:@lambdalisue/unreachable@^1.0.1": "jsr:@lambdalisue/unreachable@1.0.1",
      "jsr:@std/bytes@^1.0.6": "jsr:@std/bytes@1.0.6",
      "jsr:@std/fmt@^1.0.5": "jsr:@std/fmt@1.0.8",
      "jsr:@std/fmt@^1.0.8": "jsr:@std/fmt@1.0.8",
      "jsr:@std/fs@^1.0.11": "jsr:@std/fs@1.0.21",
      "jsr:@std/fs@^1.0.19": "jsr:@std/fs@1.0.21",
      "jsr:@std/fs@^1.0.21": "jsr:@std/fs@1.0.21",
      "jsr:@std/internal@^1.0.12": "jsr:@std/internal@1.0.12",
      "jsr:@std/io@^0.225.2": "jsr:@std/io@0.225.2",
      "jsr:@std/log@^0.224.14": "jsr:@std/log@0.224.14",
      "jsr:@std/path@^1.1.2": "jsr:@std/path@1.1.4",
      "jsr:@std/path@^1.1.4": "jsr:@std/path@1.1.4",
      "jsr:@std/semver@^1.0.5": "jsr:@std/semver@1.0.7",
      "jsr:@std/streams@^1.0.16": "jsr:@std/streams@1.0.16",
      "jsr:@std/ulid@^1.0.0": "jsr:@std/ulid@1.0.0",
      "jsr:@yukimemi/dvpm@^10.2.5": "jsr:@yukimemi/dvpm@10.2.5",
      "npm:arktype@^2.1.29": "npm:arktype@2.1.29"
    },
    "jsr": {
      "@core/asyncutil@1.2.0": {
        "integrity": "9967f15190c60df032c13f72ce5ac73d185c34f31c53dc918d8800025854c118"
      },
      "@core/unknownutil@4.3.0": {
        "integrity": "538a3687ffa81028e91d148818047df219663d0da671d906cecd165581ae55cc"
      },
      "@denops/core@8.0.1": {
        "integrity": "699c70b07b2347febb96972c857fb8325ad8efa99936a0a8c0bb2be82a8b8f32"
      },
      "@denops/std@8.2.0": {
        "integrity": "6b473515c30a15b3ffe88accf11eabb7ed6210a1042311b563875bb10882f729",
        "dependencies": [
          "jsr:@core/unknownutil@^4.3.0",
          "jsr:@denops/core@^8.0.1",
          "jsr:@lambdalisue/itertools@^1.1.2",
          "jsr:@lambdalisue/unreachable@^1.0.1",
          "jsr:@std/fs@^1.0.19",
          "jsr:@std/path@^1.1.2",
          "jsr:@std/semver@^1.0.5",
          "jsr:@std/ulid@^1.0.0"
        ]
      },
      "@lambdalisue/itertools@1.1.2": {
        "integrity": "1b8c45a5ab7102a3ff1aa64c8ec0bdb12aee845bec5bf85458ed83446125587a"
      },
      "@lambdalisue/unreachable@1.0.1": {
        "integrity": "24b0743775e92ea0d076beaf0869bfbe4708054ac570742628684fb35ccda0d4"
      },
      "@std/bytes@1.0.6": {
        "integrity": "f6ac6adbd8ccd99314045f5703e23af0a68d7f7e58364b47d2c7f408aeb5820a"
      },
      "@std/fmt@1.0.8": {
        "integrity": "71e1fc498787e4434d213647a6e43e794af4fd393ef8f52062246e06f7e372b7"
      },
      "@std/fs@1.0.21": {
        "integrity": "d720fe1056d78d43065a4d6e0eeb2b19f34adb8a0bc7caf3a4dbf1d4178252cd",
        "dependencies": [
          "jsr:@std/internal@^1.0.12",
          "jsr:@std/path@^1.1.4"
        ]
      },
      "@std/internal@1.0.12": {
        "integrity": "972a634fd5bc34b242024402972cd5143eac68d8dffaca5eaa4dba30ce17b027"
      },
      "@std/io@0.225.2": {
        "integrity": "3c740cd4ee4c082e6cfc86458f47e2ab7cb353dc6234d5e9b1f91a2de5f4d6c7"
      },
      "@std/log@0.224.14": {
        "integrity": "257f7adceee3b53bb2bc86c7242e7d1bc59729e57d4981c4a7e5b876c808f05e",
        "dependencies": [
          "jsr:@std/fmt@^1.0.5",
          "jsr:@std/fs@^1.0.11",
          "jsr:@std/io@^0.225.2"
        ]
      },
      "@std/path@1.1.4": {
        "integrity": "1d2d43f39efb1b42f0b1882a25486647cb851481862dc7313390b2bb044314b5",
        "dependencies": [
          "jsr:@std/internal@^1.0.12"
        ]
      },
      "@std/semver@1.0.7": {
        "integrity": "7d5f65391762dc4358abde80fc3354086ddb40101f140295e60f290c138887d0"
      },
      "@std/streams@1.0.16": {
        "integrity": "85030627befb1767c60d4f65cb30fa2f94af1d6ee6e5b2515b76157a542e89c4",
        "dependencies": [
          "jsr:@std/bytes@^1.0.6"
        ]
      },
      "@std/ulid@1.0.0": {
        "integrity": "d41c3d27a907714413649fee864b7cde8d42ee68437d22b79d5de4f81d808780"
      },
      "@yukimemi/dvpm@10.2.5": {
        "integrity": "abfddefe0e428c262eedb2f3abc8f14cdb37413482e3d9e85e6d6b5bc182a3ec",
        "dependencies": [
          "jsr:@core/asyncutil@^1.2.0",
          "jsr:@denops/std@^8.2.0",
          "jsr:@std/fmt@^1.0.8",
          "jsr:@std/fs@^1.0.21",
          "jsr:@std/log@^0.224.14",
          "jsr:@std/path@^1.1.4",
          "jsr:@std/streams@^1.0.16",
          "npm:arktype@^2.1.29"
        ]
      }
    },
    "npm": {
      "@ark/schema@0.56.0": {
        "integrity": "sha512-ECg3hox/6Z/nLajxXqNhgPtNdHWC9zNsDyskwO28WinoFEnWow4IsERNz9AnXRhTZJnYIlAJ4uGn3nlLk65vZA==",
        "dependencies": {
          "@ark/util": "@ark/util@0.56.0"
        }
      },
      "@ark/util@0.56.0": {
        "integrity": "sha512-BghfRC8b9pNs3vBoDJhcta0/c1J1rsoS1+HgVUreMFPdhz/CRAKReAu57YEllNaSy98rWAdY1gE+gFup7OXpgA==",
        "dependencies": {}
      },
      "arkregex@0.0.5": {
        "integrity": "sha512-ncYjBdLlh5/QnVsAA8De16Tc9EqmYM7y/WU9j+236KcyYNUXogpz3sC4ATIZYzzLxwI+0sEOaQLEmLmRleaEXw==",
        "dependencies": {
          "@ark/util": "@ark/util@0.56.0"
        }
      },
      "arktype@2.1.29": {
        "integrity": "sha512-jyfKk4xIOzvYNayqnD8ZJQqOwcrTOUbIU4293yrzAjA3O1dWh61j71ArMQ6tS/u4pD7vabSPe7nG3RCyoXW6RQ==",
        "dependencies": {
          "@ark/schema": "@ark/schema@0.56.0",
          "@ark/util": "@ark/util@0.56.0",
          "arkregex": "arkregex@0.0.5"
        }
      }
    }
  },
  "remote": {},
  "workspace": {
    "dependencies": [
      "jsr:@denops/std@^8.2.0",
      "jsr:@yukimemi/dvpm@^10.2.5"
    ]
  }
}
